
Microsoft Visual Studio Solution File, Format Version 12.00
# Visual Studio Version 17
VisualStudioVersion = 17.14.36401.2 d17.14
MinimumVisualStudioVersion = 10.0.40219.1
Project("{FAE04EC0-301F-11D3-BF4B-00C04F79EFBC}") = "ExamenSC25-AlvaroGutierrez", "ExamenSC25-AlvaroGutierrez\ExamenSC25-AlvaroGutierrez.csproj", "{39595A61-617C-4212-9877-107373641423}"
EndProject
Global
	GlobalSection(SolutionConfigurationPlatforms) = preSolution
		Debug|Any CPU = Debug|Any CPU
		Release|Any CPU = Release|Any CPU
	EndGlobalSection
	GlobalSection(ProjectConfigurationPlatforms) = postSolution
		{39595A61-617C-4212-9877-107373641423}.Debug|Any CPU.ActiveCfg = Debug|Any CPU
		{39595A61-617C-4212-9877-107373641423}.Debug|Any CPU.Build.0 = Debug|Any CPU
		{39595A61-617C-4212-9877-107373641423}.Release|Any CPU.ActiveCfg = Release|Any CPU
		{39595A61-617C-4212-9877-107373641423}.Release|Any CPU.Build.0 = Release|Any CPU
	EndGlobalSection
	GlobalSection(SolutionProperties) = preSolution
		HideSolutionNode = FALSE
	EndGlobalSection
	GlobalSection(ExtensibilityGlobals) = postSolution
		SolutionGuid = {F53E55F0-2DF0-4158-B0FB-CBE436B9B74C}
	EndGlobalSection
EndGlobal
